// !$*UTF8*$!
{
	archiveVersion = 1;
	classes = {
	};
	objectVersion = 56;
	objects = {

/* Begin PBXBuildFile section */
		D03485DF2BFDA9AE00FB2F83 /* ApiClient.swift in Sources */ = {isa = PBXBuildFile; fileRef = D03485DE2BFDA9AE00FB2F83 /* ApiClient.swift */; };
		D03485E12BFDA9BE00FB2F83 /* Model.swift in Sources */ = {isa = PBXBuildFile; fileRef = D03485E02BFDA9BE00FB2F83 /* Model.swift */; };
		D03485E52BFDAAF100FB2F83 /* LoginView.swift in Sources */ = {isa = PBXBuildFile; fileRef = D03485E42BFDAAF100FB2F83 /* LoginView.swift */; };
		D03485E72BFDAB1300FB2F83 /* LoginViewModel.swift in Sources */ = {isa = PBXBuildFile; fileRef = D03485E62BFDAB1300FB2F83 /* LoginViewModel.swift */; };
		D03A25662BFDA5C9003A5CA1 /* StreamFlowApp.swift in Sources */ = {isa = PBXBuildFile; fileRef = D03A25652BFDA5C9003A5CA1 /* StreamFlowApp.swift */; };
		D03A25682BFDA5C9003A5CA1 /* ContentView.swift in Sources */ = {isa = PBXBuildFile; fileRef = D03A25672BFDA5C9003A5CA1 /* ContentView.swift */; };
		D03A256A2BFDA5CA003A5CA1 /* Assets.xcassets in Resources */ = {isa = PBXBuildFile; fileRef = D03A25692BFDA5CA003A5CA1 /* Assets.xcassets */; };
		D03A256D2BFDA5CA003A5CA1 /* Preview Assets.xcassets in Resources */ = {isa = PBXBuildFile; fileRef = D03A256C2BFDA5CA003A5CA1 /* Preview Assets.xcassets */; };
		D03A256F2BFDA5CA003A5CA1 /* Persistence.swift in Sources */ = {isa = PBXBuildFile; fileRef = D03A256E2BFDA5CA003A5CA1 /* Persistence.swift */; };
		D03A25722BFDA5CA003A5CA1 /* StreamFlow.xcdatamodeld in Sources */ = {isa = PBXBuildFile; fileRef = D03A25702BFDA5CA003A5CA1 /* StreamFlow.xcdatamodeld */; };
/* End PBXBuildFile section */

/* Begin PBXFileReference section */
		D03485DE2BFDA9AE00FB2F83 /* ApiClient.swift */ = {isa = PBXFileReference; lastKnownFileType = sourcecode.swift; path = ApiClient.swift; sourceTree = "<group>"; };
		D03485E02BFDA9BE00FB2F83 /* Model.swift */ = {isa = PBXFileReference; lastKnownFileType = sourcecode.swift; path = Model.swift; sourceTree = "<group>"; };
		D03485E42BFDAAF100FB2F83 /* LoginView.swift */ = {isa = PBXFileReference; lastKnownFileType = sourcecode.swift; path = LoginView.swift; sourceTree = "<group>"; };
		D03485E62BFDAB1300FB2F83 /* LoginViewModel.swift */ = {isa = PBXFileReference; lastKnownFileType = sourcecode.swift; path = LoginViewModel.swift; sourceTree = "<group>"; };
		D03A25622BFDA5C9003A5CA1 /* StreamFlow.app */ = {isa = PBXFileReference; explicitFileType = wrapper.application; includeInIndex = 0; path = StreamFlow.app; sourceTree = BUILT_PRODUCTS_DIR; };
		D03A25652BFDA5C9003A5CA1 /* StreamFlowApp.swift */ = {isa = PBXFileReference; lastKnownFileType = sourcecode.swift; path = StreamFlowApp.swift; sourceTree = "<group>"; };
		D03A25672BFDA5C9003A5CA1 /* ContentView.swift */ = {isa = PBXFileReference; lastKnownFileType = sourcecode.swift; path = ContentView.swift; sourceTree = "<group>"; };
		D03A25692BFDA5CA003A5CA1 /* Assets.xcassets */ = {isa = PBXFileReference; lastKnownFileType = folder.assetcatalog; path = Assets.xcassets; sourceTree = "<group>"; };
		D03A256C2BFDA5CA003A5CA1 /* Preview Assets.xcassets */ = {isa = PBXFileReference; lastKnownFileType = folder.assetcatalog; path = "Preview Assets.xcassets"; sourceTree = "<group>"; };
		D03A256E2BFDA5CA003A5CA1 /* Persistence.swift */ = {isa = PBXFileReference; lastKnownFileType = sourcecode.swift; path = Persistence.swift; sourceTree = "<group>"; };
		D03A25712BFDA5CA003A5CA1 /* StreamFlow.xcdatamodel */ = {isa = PBXFileReference; lastKnownFileType = wrapper.xcdatamodel; path = StreamFlow.xcdatamodel; sourceTree = "<group>"; };
/* End PBXFileReference section */

/* Begin PBXFrameworksBuildPhase section */
		D03A255F2BFDA5C9003A5CA1 /* Frameworks */ = {
			isa = PBXFrameworksBuildPhase;
			buildActionMask = 2147483647;
			files = (
			);
			runOnlyForDeploymentPostprocessing = 0;
		};
/* End PBXFrameworksBuildPhase section */

/* Begin PBXGroup section */
		D03A25592BFDA5C9003A5CA1 = {
			isa = PBXGroup;
			children = (
				D03A25642BFDA5C9003A5CA1 /* StreamFlow */,
				D03A25632BFDA5C9003A5CA1 /* Products */,
			);
			sourceTree = "<group>";
		};
		D03A25632BFDA5C9003A5CA1 /* Products */ = {
			isa = PBXGroup;
			children = (
				D03A25622BFDA5C9003A5CA1 /* StreamFlow.app */,
			);
			name = Products;
			sourceTree = "<group>";
		};
		D03A25642BFDA5C9003A5CA1 /* StreamFlow */ = {
			isa = PBXGroup;
			children = (
				D0D37ACE2BFDA8AF00608238 /* Modules */,
				D03A25792BFDA64E003A5CA1 /* Network */,
				D03A25782BFDA63E003A5CA1 /* Models */,
				D03A25652BFDA5C9003A5CA1 /* StreamFlowApp.swift */,
				D03A25672BFDA5C9003A5CA1 /* ContentView.swift */,
				D03A25692BFDA5CA003A5CA1 /* Assets.xcassets */,
				D03A256E2BFDA5CA003A5CA1 /* Persistence.swift */,
				D03A25702BFDA5CA003A5CA1 /* StreamFlow.xcdatamodeld */,
				D03A256B2BFDA5CA003A5CA1 /* Preview Content */,
			);
			path = StreamFlow;
			sourceTree = "<group>";
		};
		D03A256B2BFDA5CA003A5CA1 /* Preview Content */ = {
			isa = PBXGroup;
			children = (
				D03A256C2BFDA5CA003A5CA1 /* Preview Assets.xcassets */,
			);
			path = "Preview Content";
			sourceTree = "<group>";
		};
		D03A25782BFDA63E003A5CA1 /* Models */ = {
			isa = PBXGroup;
			children = (
				D03485E02BFDA9BE00FB2F83 /* Model.swift */,
			);
			path = Models;
			sourceTree = "<group>";
		};
		D03A25792BFDA64E003A5CA1 /* Network */ = {
			isa = PBXGroup;
			children = (
				D03485DE2BFDA9AE00FB2F83 /* ApiClient.swift */,
			);
			path = Network;
			sourceTree = "<group>";
		};
		D0D37ACE2BFDA8AF00608238 /* Modules */ = {
			isa = PBXGroup;
			children = (
				D03485E42BFDAAF100FB2F83 /* LoginView.swift */,
				D03485E62BFDAB1300FB2F83 /* LoginViewModel.swift */,
			);
			path = Modules;
			sourceTree = "<group>";
		};
/* End PBXGroup section */

/* Begin PBXNativeTarget section */
		D03A25612BFDA5C9003A5CA1 /* StreamFlow */ = {
			isa = PBXNativeTarget;
			buildConfigurationList = D03A25752BFDA5CA003A5CA1 /* Build configuration list for PBXNativeTarget "StreamFlow" */;
			buildPhases = (
				D03A255E2BFDA5C9003A5CA1 /* Sources */,
				D03A255F2BFDA5C9003A5CA1 /* Frameworks */,
				D03A25602BFDA5C9003A5CA1 /* Resources */,
			);
			buildRules = (
			);
			dependencies = (
			);
			name = StreamFlow;
			productName = StreamFlow;
			productReference = D03A25622BFDA5C9003A5CA1 /* StreamFlow.app */;
			productType = "com.apple.product-type.application";
		};
/* End PBXNativeTarget section */

/* Begin PBXProject section */
		D03A255A2BFDA5C9003A5CA1 /* Project object */ = {
			isa = PBXProject;
			attributes = {
				BuildIndependentTargetsInParallel = 1;
				LastSwiftUpdateCheck = 1530;
				LastUpgradeCheck = 1530;
				TargetAttributes = {
					D03A25612BFDA5C9003A5CA1 = {
						CreatedOnToolsVersion = 15.3;
					};
				};
			};
			buildConfigurationList = D03A255D2BFDA5C9003A5CA1 /* Build configuration list for PBXProject "StreamFlow" */;
			compatibilityVersion = "Xcode 14.0";
			developmentRegion = en;
			hasScannedForEncodings = 0;
			knownRegions = (
				en,
				Base,
			);
			mainGroup = D03A25592BFDA5C9003A5CA1;
			productRefGroup = D03A25632BFDA5C9003A5CA1 /* Products */;
			projectDirPath = "";
			projectRoot = "";
			targets = (
				D03A25612BFDA5C9003A5CA1 /* StreamFlow */,
			);
		};
/* End PBXProject section */

/* Begin PBXResourcesBuildPhase section */
		D03A25602BFDA5C9003A5CA1 /* Resources */ = {
			isa = PBXResourcesBuildPhase;
			buildActionMask = 2147483647;
			files = (
				D03A256D2BFDA5CA003A5CA1 /* Preview Assets.xcassets in Resources */,
				D03A256A2BFDA5CA003A5CA1 /* Assets.xcassets in Resources */,
			);
			runOnlyForDeploymentPostprocessing = 0;
		};
/* End PBXResourcesBuildPhase section */

/* Begin PBXSourcesBuildPhase section */
		D03A255E2BFDA5C9003A5CA1 /* Sources */ = {
			isa = PBXSourcesBuildPhase;
			buildActionMask = 2147483647;
			files = (
				D03485E12BFDA9BE00FB2F83 /* Model.swift in Sources */,
				D03A256F2BFDA5CA003A5CA1 /* Persistence.swift in Sources */,
				D03A25682BFDA5C9003A5CA1 /* ContentView.swift in Sources */,
				D03485E52BFDAAF100FB2F83 /* LoginView.swift in Sources */,
				D03A25662BFDA5C9003A5CA1 /* StreamFlowApp.swift in Sources */,
				D03A25722BFDA5CA003A5CA1 /* StreamFlow.xcdatamodeld in Sources */,
				D03485E72BFDAB1300FB2F83 /* LoginViewModel.swift in Sources */,
				D03485DF2BFDA9AE00FB2F83 /* ApiClient.swift in Sources */,
			);
			runOnlyForDeploymentPostprocessing = 0;
		};
/* End PBXSourcesBuildPhase section */

/* Begin XCBuildConfiguration section */
		D03A25732BFDA5CA003A5CA1 /* Debug */ = {
			isa = XCBuildConfiguration;
			buildSettings = {
				ALWAYS_SEARCH_USER_PATHS = NO;
				ASSETCATALOG_COMPILER_GENERATE_SWIFT_ASSET_SYMBOL_EXTENSIONS = YES;
				CLANG_ANALYZER_NONNULL = YES;
				CLANG_ANALYZER_NUMBER_OBJECT_CONVERSION = YES_AGGRESSIVE;
				CLANG_CXX_LANGUAGE_STANDARD = "gnu++20";
				CLANG_ENABLE_MODULES = YES;
				CLANG_ENABLE_OBJC_ARC = YES;
				CLANG_ENABLE_OBJC_WEAK = YES;
				CLANG_WARN_BLOCK_CAPTURE_AUTORELEASING = YES;
				CLANG_WARN_BOOL_CONVERSION = YES;
				CLANG_WARN_COMMA = YES;
				CLANG_WARN_CONSTANT_CONVERSION = YES;
				CLANG_WARN_DEPRECATED_OBJC_IMPLEMENTATIONS = YES;
				CLANG_WARN_DIRECT_OBJC_ISA_USAGE = YES_ERROR;
				CLANG_WARN_DOCUMENTATION_COMMENTS = YES;
				CLANG_WARN_EMPTY_BODY = YES;
				CLANG_WARN_ENUM_CONVERSION = YES;
				CLANG_WARN_INFINITE_RECURSION = YES;
				CLANG_WARN_INT_CONVERSION = YES;
				CLANG_WARN_NON_LITERAL_NULL_CONVERSION = YES;
				CLANG_WARN_OBJC_IMPLICIT_RETAIN_SELF = YES;
				CLANG_WARN_OBJC_LITERAL_CONVERSION = YES;
				CLANG_WARN_OBJC_ROOT_CLASS = YES_ERROR;
				CLANG_WARN_QUOTED_INCLUDE_IN_FRAMEWORK_HEADER = YES;
				CLANG_WARN_RANGE_LOOP_ANALYSIS = YES;
				CLANG_WARN_STRICT_PROTOTYPES = YES;
				CLANG_WARN_SUSPICIOUS_MOVE = YES;
				CLANG_WARN_UNGUARDED_AVAILABILITY = YES_AGGRESSIVE;
				CLANG_WARN_UNREACHABLE_CODE = YES;
				CLANG_WARN__DUPLICATE_METHOD_MATCH = YES;
				COPY_PHASE_STRIP = NO;
				DEBUG_INFORMATION_FORMAT = dwarf;
				ENABLE_STRICT_OBJC_MSGSEND = YES;
				ENABLE_TESTABILITY = YES;
				ENABLE_USER_SCRIPT_SANDBOXING = YES;
				GCC_C_LANGUAGE_STANDARD = gnu17;
				GCC_DYNAMIC_NO_PIC = NO;
				GCC_NO_COMMON_BLOCKS = YES;
				GCC_OPTIMIZATION_LEVEL = 0;
				GCC_PREPROCESSOR_DEFINITIONS = (
					"DEBUG=1",
					"$(inherited)",
				);
				GCC_WARN_64_TO_32_BIT_CONVERSION = YES;
				GCC_WARN_ABOUT_RETURN_TYPE = YES_ERROR;
				GCC_WARN_UNDECLARED_SELECTOR = YES;
				GCC_WARN_UNINITIALIZED_AUTOS = YES_AGGRESSIVE;
				GCC_WARN_UNUSED_FUNCTION = YES;
				GCC_WARN_UNUSED_VARIABLE = YES;
				IPHONEOS_DEPLOYMENT_TARGET = 17.4;
				LOCALIZATION_PREFERS_STRING_CATALOGS = YES;
				MTL_ENABLE_DEBUG_INFO = INCLUDE_SOURCE;
				MTL_FAST_MATH = YES;
				ONLY_ACTIVE_ARCH = YES;
				SDKROOT = iphoneos;
				SWIFT_ACTIVE_COMPILATION_CONDITIONS = "DEBUG $(inherited)";
				SWIFT_OPTIMIZATION_LEVEL = "-Onone";
			};
			name = Debug;
		};
		D03A25742BFDA5CA003A5CA1 /* Release */ = {
			isa = XCBuildConfiguration;
			buildSettings = {
				ALWAYS_SEARCH_USER_PATHS = NO;
				ASSETCATALOG_COMPILER_GENERATE_SWIFT_ASSET_SYMBOL_EXTENSIONS = YES;
				CLANG_ANALYZER_NONNULL = YES;
				CLANG_ANALYZER_NUMBER_OBJECT_CONVERSION = YES_AGGRESSIVE;
				CLANG_CXX_LANGUAGE_STANDARD = "gnu++20";
				CLANG_ENABLE_MODULES = YES;
				CLANG_ENABLE_OBJC_ARC = YES;
				CLANG_ENABLE_OBJC_WEAK = YES;
				CLANG_WARN_BLOCK_CAPTURE_AUTORELEASING = YES;
				CLANG_WARN_BOOL_CONVERSION = YES;
				CLANG_WARN_COMMA = YES;
				CLANG_WARN_CONSTANT_CONVERSION = YES;
				CLANG_WARN_DEPRECATED_OBJC_IMPLEMENTATIONS = YES;
				CLANG_WARN_DIRECT_OBJC_ISA_USAGE = YES_ERROR;
				CLANG_WARN_DOCUMENTATION_COMMENTS = YES;
				CLANG_WARN_EMPTY_BODY = YES;
				CLANG_WARN_ENUM_CONVERSION = YES;
				CLANG_WARN_INFINITE_RECURSION = YES;
				CLANG_WARN_INT_CONVERSION = YES;
				CLANG_WARN_NON_LITERAL_NULL_CONVERSION = YES;
				CLANG_WARN_OBJC_IMPLICIT_RETAIN_SELF = YES;
				CLANG_WARN_OBJC_LITERAL_CONVERSION = YES;
				CLANG_WARN_OBJC_ROOT_CLASS = YES_ERROR;
				CLANG_WARN_QUOTED_INCLUDE_IN_FRAMEWORK_HEADER = YES;
				CLANG_WARN_RANGE_LOOP_ANALYSIS = YES;
				CLANG_WARN_STRICT_PROTOTYPES = YES;
				CLANG_WARN_SUSPICIOUS_MOVE = YES;
				CLANG_WARN_UNGUARDED_AVAILABILITY = YES_AGGRESSIVE;
				CLANG_WARN_UNREACHABLE_CODE = YES;
				CLANG_WARN__DUPLICATE_METHOD_MATCH = YES;
				COPY_PHASE_STRIP = NO;
				DEBUG_INFORMATION_FORMAT = "dwarf-with-dsym";
				ENABLE_NS_ASSERTIONS = NO;
				ENABLE_STRICT_OBJC_MSGSEND = YES;
				ENABLE_USER_SCRIPT_SANDBOXING = YES;
				GCC_C_LANGUAGE_STANDARD = gnu17;
				GCC_NO_COMMON_BLOCKS = YES;
				GCC_WARN_64_TO_32_BIT_CONVERSION = YES;
				GCC_WARN_ABOUT_RETURN_TYPE = YES_ERROR;
				GCC_WARN_UNDECLARED_SELECTOR = YES;
				GCC_WARN_UNINITIALIZED_AUTOS = YES_AGGRESSIVE;
				GCC_WARN_UNUSED_FUNCTION = YES;
				GCC_WARN_UNUSED_VARIABLE = YES;
				IPHONEOS_DEPLOYMENT_TARGET = 17.4;
				LOCALIZATION_PREFERS_STRING_CATALOGS = YES;
				MTL_ENABLE_DEBUG_INFO = NO;
				MTL_FAST_MATH = YES;
				SDKROOT = iphoneos;
				SWIFT_COMPILATION_MODE = wholemodule;
				VALIDATE_PRODUCT = YES;
			};
			name = Release;
		};
		D03A25762BFDA5CA003A5CA1 /* Debug */ = {
			isa = XCBuildConfiguration;
			buildSettings = {
				ASSETCATALOG_COMPILER_APPICON_NAME = AppIcon;
				ASSETCATALOG_COMPILER_GLOBAL_ACCENT_COLOR_NAME = AccentColor;
				CODE_SIGN_STYLE = Automatic;
				CURRENT_PROJECT_VERSION = 1;
				DEVELOPMENT_ASSET_PATHS = "\"StreamFlow/Preview Content\"";
				DEVELOPMENT_TEAM = T7283TTLGQ;
				ENABLE_PREVIEWS = YES;
				GENERATE_INFOPLIST_FILE = YES;
				INFOPLIST_KEY_UIApplicationSceneManifest_Generation = YES;
				INFOPLIST_KEY_UIApplicationSupportsIndirectInputEvents = YES;
				INFOPLIST_KEY_UILaunchScreen_Generation = YES;
				INFOPLIST_KEY_UISupportedInterfaceOrientations_iPad = "UIInterfaceOrientationPortrait UIInterfaceOrientationPortraitUpsideDown UIInterfaceOrientationLandscapeLeft UIInterfaceOrientationLandscapeRight";
				INFOPLIST_KEY_UISupportedInterfaceOrientations_iPhone = "UIInterfaceOrientationPortrait UIInterfaceOrientationLandscapeLeft UIInterfaceOrientationLandscapeRight";
				LD_RUNPATH_SEARCH_PATHS = (
					"$(inherited)",
					"@executable_path/Frameworks",
				);
				MARKETING_VERSION = 1.0;
				PRODUCT_BUNDLE_IDENTIFIER = com.ricardoherrera.StreamFlow;
				PRODUCT_NAME = "$(TARGET_NAME)";
				SWIFT_EMIT_LOC_STRINGS = YES;
				SWIFT_VERSION = 5.0;
				TARGETED_DEVICE_FAMILY = "1,2";
			};
			name = Debug;
		};
		D03A25772BFDA5CA003A5CA1 /* Release */ = {
			isa = XCBuildConfiguration;
			buildSettings = {
				ASSETCATALOG_COMPILER_APPICON_NAME = AppIcon;
				ASSETCATALOG_COMPILER_GLOBAL_ACCENT_COLOR_NAME = AccentColor;
				CODE_SIGN_STYLE = Automatic;
				CURRENT_PROJECT_VERSION = 1;
				DEVELOPMENT_ASSET_PATHS = "\"StreamFlow/Preview Content\"";
				DEVELOPMENT_TEAM = T7283TTLGQ;
				ENABLE_PREVIEWS = YES;
				GENERATE_INFOPLIST_FILE = YES;
				INFOPLIST_KEY_UIApplicationSceneManifest_Generation = YES;
				INFOPLIST_KEY_UIApplicationSupportsIndirectInputEvents = YES;
				INFOPLIST_KEY_UILaunchScreen_Generation = YES;
				INFOPLIST_KEY_UISupportedInterfaceOrientations_iPad = "UIInterfaceOrientationPortrait UIInterfaceOrientationPortraitUpsideDown UIInterfaceOrientationLandscapeLeft UIInterfaceOrientationLandscapeRight";
				INFOPLIST_KEY_UISupportedInterfaceOrientations_iPhone = "UIInterfaceOrientationPortrait UIInterfaceOrientationLandscapeLeft UIInterfaceOrientationLandscapeRight";
				LD_RUNPATH_SEARCH_PATHS = (
					"$(inherited)",
					"@executable_path/Frameworks",
				);
				MARKETING_VERSION = 1.0;
				PRODUCT_BUNDLE_IDENTIFIER = com.ricardoherrera.StreamFlow;
				PRODUCT_NAME = "$(TARGET_NAME)";
				SWIFT_EMIT_LOC_STRINGS = YES;
				SWIFT_VERSION = 5.0;
				TARGETED_DEVICE_FAMILY = "1,2";
			};
			name = Release;
		};
/* End XCBuildConfiguration section */

/* Begin XCConfigurationList section */
		D03A255D2BFDA5C9003A5CA1 /* Build configuration list for PBXProject "StreamFlow" */ = {
			isa = XCConfigurationList;
			buildConfigurations = (
				D03A25732BFDA5CA003A5CA1 /* Debug */,
				D03A25742BFDA5CA003A5CA1 /* Release */,
			);
			defaultConfigurationIsVisible = 0;
			defaultConfigurationName = Release;
		};
		D03A25752BFDA5CA003A5CA1 /* Build configuration list for PBXNativeTarget "StreamFlow" */ = {
			isa = XCConfigurationList;
			buildConfigurations = (
				D03A25762BFDA5CA003A5CA1 /* Debug */,
				D03A25772BFDA5CA003A5CA1 /* Release */,
			);
			defaultConfigurationIsVisible = 0;
			defaultConfigurationName = Release;
		};
/* End XCConfigurationList section */

/* Begin XCVersionGroup section */
		D03A25702BFDA5CA003A5CA1 /* StreamFlow.xcdatamodeld */ = {
			isa = XCVersionGroup;
			children = (
				D03A25712BFDA5CA003A5CA1 /* StreamFlow.xcdatamodel */,
			);
			currentVersion = D03A25712BFDA5CA003A5CA1 /* StreamFlow.xcdatamodel */;
			path = StreamFlow.xcdatamodeld;
			sourceTree = "<group>";
			versionGroupType = wrapper.xcdatamodel;
		};
/* End XCVersionGroup section */
	};
	rootObject = D03A255A2BFDA5C9003A5CA1 /* Project object */;
}
